
Microsoft Visual Studio Solution File, Format Version 12.00
# Visual Studio Version 16
VisualStudioVersion = 16.0.30002.166
MinimumVisualStudioVersion = 10.0.40219.1
Project("{FAE04EC0-301F-11D3-BF4B-00C04F79EFBC}") = "Meeting App", "Meeting App.csproj", "{BBF21425-1EC7-4C6B-A28A-F325FA6114BF}"
EndProject
Global
	GlobalSection(SolutionConfigurationPlatforms) = preSolution
		Debug|Any CPU = Debug|Any CPU
		Release|Any CPU = Release|Any CPU
	EndGlobalSection
	GlobalSection(ProjectConfigurationPlatforms) = postSolution
		{BBF21425-1EC7-4C6B-A28A-F325FA6114BF}.Debug|Any CPU.ActiveCfg = Debug|Any CPU
		{BBF21425-1EC7-4C6B-A28A-F325FA6114BF}.Debug|Any CPU.Build.0 = Debug|Any CPU
		{BBF21425-1EC7-4C6B-A28A-F325FA6114BF}.Release|Any CPU.ActiveCfg = Release|Any CPU
		{BBF21425-1EC7-4C6B-A28A-F325FA6114BF}.Release|Any CPU.Build.0 = Release|Any CPU
	EndGlobalSection
	GlobalSection(SolutionProperties) = preSolution
		HideSolutionNode = FALSE
	EndGlobalSection
	GlobalSection(ExtensibilityGlobals) = postSolution
		SolutionGuid = {353C3CAF-A0BF-4696-80BA-D2BF110C5991}
	EndGlobalSection
EndGlobal
